PODS:
  - Alamofire (4.5.1)
  - Firebase (4.1.1):
    - Firebase/Core (= 4.1.1)
  - Firebase/Core (4.1.1):
    - FirebaseAnalytics (= 4.0.3)
    - FirebaseCore (= 4.0.6)
  - FirebaseAnalytics (4.0.3):
    - FirebaseCore (~> 4.0)
    - FirebaseInstanceID (~> 2.0)
    - GoogleToolboxForMac/NSData+zlib (~> 2.1)
    - nanopb (~> 0.3)
  - FirebaseCore (4.0.6):
    - GoogleToolboxForMac/NSData+zlib (~> 2.1)
    - nanopb (~> 0.3)
  - FirebaseInstanceID (2.0.2):
    - FirebaseCore (~> 4.0)
  - GoogleToolboxForMac/Defines (2.1.1)
  - GoogleToolboxForMac/NSData+zlib (2.1.1):
    - GoogleToolboxForMac/Defines (= 2.1.1)
  - nanopb (0.3.8):
    - nanopb/decode (= 0.3.8)
    - nanopb/encode (= 0.3.8)
  - nanopb/decode (0.3.8)
  - nanopb/encode (0.3.8)
  - ObjectMapper (2.2.7)
  - Realm (2.10.0):
    - Realm/Headers (= 2.10.0)
  - Realm/Headers (2.10.0)
  - RealmSwift (2.10.0):
    - Realm (= 2.10.0)
  - RxSwift (4.0.0-alpha.1)

DEPENDENCIES:
  - Alamofire
  - Firebase
  - ObjectMapper (from `https://github.com/Hearst-DD/ObjectMapper.git`, branch `swift-4`)
  - RealmSwift
  - RxSwift (from `https://github.com/ReactiveX/RxSwift.git`, branch `swift4.0`)

EXTERNAL SOURCES:
  ObjectMapper:
    :branch: swift-4
    :git: https://github.com/Hearst-DD/ObjectMapper.git
  RxSwift:
    :branch: swift4.0
    :git: https://github.com/ReactiveX/RxSwift.git

CHECKOUT OPTIONS:
  ObjectMapper:
    :commit: 57459cfbff5097ab29c5b1dadac3320dea7f3865
    :git: https://github.com/Hearst-DD/ObjectMapper.git
  RxSwift:
    :commit: c79b00f66e6c976c52ddc6654e3f0a3b6fa3b260
    :git: https://github.com/ReactiveX/RxSwift.git

SPEC CHECKSUMS:
  Alamofire: 2d95912bf4c34f164fdfc335872e8c312acaea4a
  Firebase: 052c0de688fc87b414996eea13e223dd9fee3fa2
  FirebaseAnalytics: 76f754d37ca5b04f36856729b6af3ca0152d1069
  FirebaseCore: 28def3c643989c97ea5a69ea5000f5fa9902b9fd
  FirebaseInstanceID: c4c7fca62c7b7330caee5da04f19a37ea37bb1c1
  GoogleToolboxForMac: 8e329f1b599f2512c6b10676d45736bcc2cbbeb0
  nanopb: 5601e6bca2dbf1ed831b519092ec110f66982ca3
  ObjectMapper: d1403cdc39bfeab113616d1c2ce2083fa3f32cbb
  Realm: 98b3a25643cf6b3e07d2b99fb43fe0eb9c801dec
  RealmSwift: 34073ad3a31232bbaf7c0db898c037940284cba2
  RxSwift: d313a43a0109708ada75e1ce99bf7c36d4180ad8

PODFILE CHECKSUM: 1866f69ad0e3159ac8ced73e4793cd2136ad75cc

COCOAPODS: 1.2.0
