// !$*UTF8*$!
{
	archiveVersion = 1;
	classes = {
	};
	objectVersion = 48;
	objects = {

/* Begin PBXBuildFile section */
		0EB1182FBE45AFE0AB0DF531 /* Pods_OurTasks.framework in Frameworks */ = {isa = PBXBuildFile; fileRef = 7C3D99AE7B6AF67E4F99BB93 /* Pods_OurTasks.framework */; };
		74B869512087627300D6F99B /* GroupSection.swift in Sources */ = {isa = PBXBuildFile; fileRef = 74B869502087627300D6F99B /* GroupSection.swift */; };
		74B869542087655F00D6F99B /* GroupInviteCell.swift in Sources */ = {isa = PBXBuildFile; fileRef = 74B869532087655F00D6F99B /* GroupInviteCell.swift */; };
		C301AE501FE8826500107DCD /* Dictionary+Encodable.swift in Sources */ = {isa = PBXBuildFile; fileRef = C301AE4F1FE8826500107DCD /* Dictionary+Encodable.swift */; };
		C301FF1D1F66C7070045641A /* AppDelegate.swift in Sources */ = {isa = PBXBuildFile; fileRef = C301FF1C1F66C7070045641A /* AppDelegate.swift */; };
		C301FF241F66C7070045641A /* Assets.xcassets in Resources */ = {isa = PBXBuildFile; fileRef = C301FF231F66C7070045641A /* Assets.xcassets */; };
		C301FF271F66C7070045641A /* LaunchScreen.storyboard in Resources */ = {isa = PBXBuildFile; fileRef = C301FF251F66C7070045641A /* LaunchScreen.storyboard */; };
		C30826951FBA36BB00876B56 /* AddGroupViewModel.swift in Sources */ = {isa = PBXBuildFile; fileRef = C30826941FBA36BB00876B56 /* AddGroupViewModel.swift */; };
		C32F96021F6A9A41003491E1 /* FirebaseManager.swift in Sources */ = {isa = PBXBuildFile; fileRef = C32F96011F6A9A41003491E1 /* FirebaseManager.swift */; };
		C32FE6361F68192800692B3D /* Register.storyboard in Resources */ = {isa = PBXBuildFile; fileRef = C32FE6351F68192800692B3D /* Register.storyboard */; };
		C32FE6381F6819A600692B3D /* RegisterViewController.swift in Sources */ = {isa = PBXBuildFile; fileRef = C32FE6371F6819A600692B3D /* RegisterViewController.swift */; };
		C32FE63C1F68386400692B3D /* KeyboardObservers.swift in Sources */ = {isa = PBXBuildFile; fileRef = C32FE63B1F68386400692B3D /* KeyboardObservers.swift */; };
		C3415F5A20697426007E7EED /* GroupCell.swift in Sources */ = {isa = PBXBuildFile; fileRef = C3415F5920697426007E7EED /* GroupCell.swift */; };
		C36BDFBD1F6934A8005D7650 /* UserModel.swift in Sources */ = {isa = PBXBuildFile; fileRef = C36BDFBC1F6934A8005D7650 /* UserModel.swift */; };
		C36BDFBF1F6936B7005D7650 /* RegisterViewModel.swift in Sources */ = {isa = PBXBuildFile; fileRef = C36BDFBE1F6936B7005D7650 /* RegisterViewModel.swift */; };
		C39AB1C7207820B000A3B178 /* ConvertFromCamera + UIView.swift in Sources */ = {isa = PBXBuildFile; fileRef = C39AB1C6207820B000A3B178 /* ConvertFromCamera + UIView.swift */; };
		C39AB1C9207820CD00A3B178 /* QRCode.swift in Sources */ = {isa = PBXBuildFile; fileRef = C39AB1C8207820CD00A3B178 /* QRCode.swift */; };
		C39AB1CB207820D600A3B178 /* QRNode.swift in Sources */ = {isa = PBXBuildFile; fileRef = C39AB1CA207820D600A3B178 /* QRNode.swift */; };
		C39AB1CD2078227900A3B178 /* ARHandler.swift in Sources */ = {isa = PBXBuildFile; fileRef = C39AB1CC2078227900A3B178 /* ARHandler.swift */; };
		C39AB1CF207822E800A3B178 /* ARKit.storyboard in Resources */ = {isa = PBXBuildFile; fileRef = C39AB1CE207822E800A3B178 /* ARKit.storyboard */; };
		C39AB1D32078235C00A3B178 /* ARKitViewModel.swift in Sources */ = {isa = PBXBuildFile; fileRef = C39AB1D22078235C00A3B178 /* ARKitViewModel.swift */; };
		C39AB1D52078239A00A3B178 /* BarcodeHandler.swift in Sources */ = {isa = PBXBuildFile; fileRef = C39AB1D42078239A00A3B178 /* BarcodeHandler.swift */; };
		C39AB1D7207823CA00A3B178 /* ARKitViewController.swift in Sources */ = {isa = PBXBuildFile; fileRef = C39AB1D6207823CA00A3B178 /* ARKitViewController.swift */; };
		C3A5F6221F66E0BC002A9B30 /* Main.storyboard in Resources */ = {isa = PBXBuildFile; fileRef = C3A5F6211F66E0BC002A9B30 /* Main.storyboard */; };
		C3A5F6241F66E36B002A9B30 /* MainViewController.swift in Sources */ = {isa = PBXBuildFile; fileRef = C3A5F6231F66E36B002A9B30 /* MainViewController.swift */; };
		C3A5F6261F66E76D002A9B30 /* StoryboardManager.swift in Sources */ = {isa = PBXBuildFile; fileRef = C3A5F6251F66E76D002A9B30 /* StoryboardManager.swift */; };
		C3A5F6301F66EA9C002A9B30 /* Login.storyboard in Resources */ = {isa = PBXBuildFile; fileRef = C3A5F62F1F66EA9C002A9B30 /* Login.storyboard */; };
		C3A5F6321F66EAAF002A9B30 /* LoginViewController.swift in Sources */ = {isa = PBXBuildFile; fileRef = C3A5F6311F66EAAF002A9B30 /* LoginViewController.swift */; };
		C3A5F6341F675052002A9B30 /* TextFieldBottomBorder.swift in Sources */ = {isa = PBXBuildFile; fileRef = C3A5F6331F675052002A9B30 /* TextFieldBottomBorder.swift */; };
		C3A5F6361F67563F002A9B30 /* HideKeyboard.swift in Sources */ = {isa = PBXBuildFile; fileRef = C3A5F6351F67563F002A9B30 /* HideKeyboard.swift */; };
		C3A732CC1FE891820033DC8A /* GroupListViewModel.swift in Sources */ = {isa = PBXBuildFile; fileRef = C3A732CB1FE891820033DC8A /* GroupListViewModel.swift */; };
		C3AC49511F66D629001E2586 /* ButtonBorder.swift in Sources */ = {isa = PBXBuildFile; fileRef = C3AC49501F66D629001E2586 /* ButtonBorder.swift */; };
		C3C11DB71F83B1590074D9AC /* GroupList.storyboard in Resources */ = {isa = PBXBuildFile; fileRef = C3C11DB61F83B1590074D9AC /* GroupList.storyboard */; };
		C3C11DBB1F83B1AB0074D9AC /* GroupListViewController.swift in Sources */ = {isa = PBXBuildFile; fileRef = C3C11DBA1F83B1AB0074D9AC /* GroupListViewController.swift */; };
		C3D251531F694B6C00A3E03E /* GoogleService-Info.plist in Resources */ = {isa = PBXBuildFile; fileRef = C36BDFBA1F6924EA005D7650 /* GoogleService-Info.plist */; };
		C3D3B1C21FADD74400E04716 /* AddGroup.storyboard in Resources */ = {isa = PBXBuildFile; fileRef = C3D3B1C11FADD74400E04716 /* AddGroup.storyboard */; };
		C3D3B1C41FADD75900E04716 /* AddGroupViewController.swift in Sources */ = {isa = PBXBuildFile; fileRef = C3D3B1C31FADD75900E04716 /* AddGroupViewController.swift */; };
		C3D5B1FD1FB4758F00550564 /* Localizable.strings in Resources */ = {isa = PBXBuildFile; fileRef = C3D5B1FC1FB4758F00550564 /* Localizable.strings */; };
		C3D5B2011FB4767200550564 /* Localize+String.swift in Sources */ = {isa = PBXBuildFile; fileRef = C3D5B2001FB4767200550564 /* Localize+String.swift */; };
		C3E122B21FC36F2D004FD87F /* GroupModel.swift in Sources */ = {isa = PBXBuildFile; fileRef = C3E122B11FC36F2D004FD87F /* GroupModel.swift */; };
		C3E122B51FC392C8004FD87F /* LoginViewModel.swift in Sources */ = {isa = PBXBuildFile; fileRef = C3E122B41FC392C8004FD87F /* LoginViewModel.swift */; };
/* End PBXBuildFile section */

/* Begin PBXFileReference section */
		74B869502087627300D6F99B /* GroupSection.swift */ = {isa = PBXFileReference; lastKnownFileType = sourcecode.swift; path = GroupSection.swift; sourceTree = "<group>"; };
		74B869532087655F00D6F99B /* GroupInviteCell.swift */ = {isa = PBXFileReference; lastKnownFileType = sourcecode.swift; path = GroupInviteCell.swift; sourceTree = "<group>"; };
		7C3D99AE7B6AF67E4F99BB93 /* Pods_OurTasks.framework */ = {isa = PBXFileReference; explicitFileType = wrapper.framework; includeInIndex = 0; path = Pods_OurTasks.framework; sourceTree = BUILT_PRODUCTS_DIR; };
		8FC2731CBC522993327801F6 /* Pods-OurTasks.debug.xcconfig */ = {isa = PBXFileReference; includeInIndex = 1; lastKnownFileType = text.xcconfig; name = "Pods-OurTasks.debug.xcconfig"; path = "Pods/Target Support Files/Pods-OurTasks/Pods-OurTasks.debug.xcconfig"; sourceTree = "<group>"; };
		A9779A76851841E46402BAF5 /* Pods-OurTasks.release.xcconfig */ = {isa = PBXFileReference; includeInIndex = 1; lastKnownFileType = text.xcconfig; name = "Pods-OurTasks.release.xcconfig"; path = "Pods/Target Support Files/Pods-OurTasks/Pods-OurTasks.release.xcconfig"; sourceTree = "<group>"; };
		C301AE4F1FE8826500107DCD /* Dictionary+Encodable.swift */ = {isa = PBXFileReference; lastKnownFileType = sourcecode.swift; path = "Dictionary+Encodable.swift"; sourceTree = "<group>"; };
		C301FF191F66C7070045641A /* OurTasks.app */ = {isa = PBXFileReference; explicitFileType = wrapper.application; includeInIndex = 0; path = OurTasks.app; sourceTree = BUILT_PRODUCTS_DIR; };
		C301FF1C1F66C7070045641A /* AppDelegate.swift */ = {isa = PBXFileReference; lastKnownFileType = sourcecode.swift; path = AppDelegate.swift; sourceTree = "<group>"; };
		C301FF231F66C7070045641A /* Assets.xcassets */ = {isa = PBXFileReference; lastKnownFileType = folder.assetcatalog; path = Assets.xcassets; sourceTree = "<group>"; };
		C301FF261F66C7070045641A /* Base */ = {isa = PBXFileReference; lastKnownFileType = file.storyboard; name = Base; path = Base.lproj/LaunchScreen.storyboard; sourceTree = "<group>"; };
		C301FF281F66C7070045641A /* Info.plist */ = {isa = PBXFileReference; lastKnownFileType = text.plist.xml; path = Info.plist; sourceTree = "<group>"; };
		C30826941FBA36BB00876B56 /* AddGroupViewModel.swift */ = {isa = PBXFileReference; lastKnownFileType = sourcecode.swift; path = AddGroupViewModel.swift; sourceTree = "<group>"; };
		C32F96011F6A9A41003491E1 /* FirebaseManager.swift */ = {isa = PBXFileReference; lastKnownFileType = sourcecode.swift; path = FirebaseManager.swift; sourceTree = "<group>"; };
		C32FE6351F68192800692B3D /* Register.storyboard */ = {isa = PBXFileReference; lastKnownFileType = file.storyboard; path = Register.storyboard; sourceTree = "<group>"; };
		C32FE6371F6819A600692B3D /* RegisterViewController.swift */ = {isa = PBXFileReference; lastKnownFileType = sourcecode.swift; path = RegisterViewController.swift; sourceTree = "<group>"; };
		C32FE63B1F68386400692B3D /* KeyboardObservers.swift */ = {isa = PBXFileReference; lastKnownFileType = sourcecode.swift; path = KeyboardObservers.swift; sourceTree = "<group>"; };
		C3415F5920697426007E7EED /* GroupCell.swift */ = {isa = PBXFileReference; lastKnownFileType = sourcecode.swift; path = GroupCell.swift; sourceTree = "<group>"; };
		C36BDFBA1F6924EA005D7650 /* GoogleService-Info.plist */ = {isa = PBXFileReference; lastKnownFileType = text.plist.xml; path = "GoogleService-Info.plist"; sourceTree = "<group>"; };
		C36BDFBC1F6934A8005D7650 /* UserModel.swift */ = {isa = PBXFileReference; lastKnownFileType = sourcecode.swift; path = UserModel.swift; sourceTree = "<group>"; };
		C36BDFBE1F6936B7005D7650 /* RegisterViewModel.swift */ = {isa = PBXFileReference; lastKnownFileType = sourcecode.swift; path = RegisterViewModel.swift; sourceTree = "<group>"; };
		C39AB1C6207820B000A3B178 /* ConvertFromCamera + UIView.swift */ = {isa = PBXFileReference; lastKnownFileType = sourcecode.swift; path = "ConvertFromCamera + UIView.swift"; sourceTree = "<group>"; };
		C39AB1C8207820CD00A3B178 /* QRCode.swift */ = {isa = PBXFileReference; lastKnownFileType = sourcecode.swift; path = QRCode.swift; sourceTree = "<group>"; };
		C39AB1CA207820D600A3B178 /* QRNode.swift */ = {isa = PBXFileReference; lastKnownFileType = sourcecode.swift; path = QRNode.swift; sourceTree = "<group>"; };
		C39AB1CC2078227900A3B178 /* ARHandler.swift */ = {isa = PBXFileReference; lastKnownFileType = sourcecode.swift; path = ARHandler.swift; sourceTree = "<group>"; };
		C39AB1CE207822E800A3B178 /* ARKit.storyboard */ = {isa = PBXFileReference; lastKnownFileType = file.storyboard; path = ARKit.storyboard; sourceTree = "<group>"; };
		C39AB1D22078235C00A3B178 /* ARKitViewModel.swift */ = {isa = PBXFileReference; lastKnownFileType = sourcecode.swift; path = ARKitViewModel.swift; sourceTree = "<group>"; };
		C39AB1D42078239A00A3B178 /* BarcodeHandler.swift */ = {isa = PBXFileReference; lastKnownFileType = sourcecode.swift; path = BarcodeHandler.swift; sourceTree = "<group>"; };
		C39AB1D6207823CA00A3B178 /* ARKitViewController.swift */ = {isa = PBXFileReference; lastKnownFileType = sourcecode.swift; path = ARKitViewController.swift; sourceTree = "<group>"; };
		C3A5F6211F66E0BC002A9B30 /* Main.storyboard */ = {isa = PBXFileReference; lastKnownFileType = file.storyboard; path = Main.storyboard; sourceTree = "<group>"; };
		C3A5F6231F66E36B002A9B30 /* MainViewController.swift */ = {isa = PBXFileReference; lastKnownFileType = sourcecode.swift; path = MainViewController.swift; sourceTree = "<group>"; };
		C3A5F6251F66E76D002A9B30 /* StoryboardManager.swift */ = {isa = PBXFileReference; lastKnownFileType = sourcecode.swift; path = StoryboardManager.swift; sourceTree = "<group>"; };
		C3A5F62F1F66EA9C002A9B30 /* Login.storyboard */ = {isa = PBXFileReference; lastKnownFileType = file.storyboard; path = Login.storyboard; sourceTree = "<group>"; };
		C3A5F6311F66EAAF002A9B30 /* LoginViewController.swift */ = {isa = PBXFileReference; lastKnownFileType = sourcecode.swift; path = LoginViewController.swift; sourceTree = "<group>"; };
		C3A5F6331F675052002A9B30 /* TextFieldBottomBorder.swift */ = {isa = PBXFileReference; lastKnownFileType = sourcecode.swift; path = TextFieldBottomBorder.swift; sourceTree = "<group>"; };
		C3A5F6351F67563F002A9B30 /* HideKeyboard.swift */ = {isa = PBXFileReference; lastKnownFileType = sourcecode.swift; path = HideKeyboard.swift; sourceTree = "<group>"; };
		C3A732CB1FE891820033DC8A /* GroupListViewModel.swift */ = {isa = PBXFileReference; lastKnownFileType = sourcecode.swift; path = GroupListViewModel.swift; sourceTree = "<group>"; };
		C3AC49501F66D629001E2586 /* ButtonBorder.swift */ = {isa = PBXFileReference; lastKnownFileType = sourcecode.swift; path = ButtonBorder.swift; sourceTree = "<group>"; };
		C3C11DB61F83B1590074D9AC /* GroupList.storyboard */ = {isa = PBXFileReference; lastKnownFileType = file.storyboard; path = GroupList.storyboard; sourceTree = "<group>"; };
		C3C11DBA1F83B1AB0074D9AC /* GroupListViewController.swift */ = {isa = PBXFileReference; lastKnownFileType = sourcecode.swift; path = GroupListViewController.swift; sourceTree = "<group>"; };
		C3D3B1C11FADD74400E04716 /* AddGroup.storyboard */ = {isa = PBXFileReference; lastKnownFileType = file.storyboard; path = AddGroup.storyboard; sourceTree = "<group>"; };
		C3D3B1C31FADD75900E04716 /* AddGroupViewController.swift */ = {isa = PBXFileReference; lastKnownFileType = sourcecode.swift; path = AddGroupViewController.swift; sourceTree = "<group>"; };
		C3D5B1FC1FB4758F00550564 /* Localizable.strings */ = {isa = PBXFileReference; lastKnownFileType = text.plist.strings; path = Localizable.strings; sourceTree = "<group>"; };
		C3D5B2001FB4767200550564 /* Localize+String.swift */ = {isa = PBXFileReference; lastKnownFileType = sourcecode.swift; path = "Localize+String.swift"; sourceTree = "<group>"; };
		C3E122B11FC36F2D004FD87F /* GroupModel.swift */ = {isa = PBXFileReference; lastKnownFileType = sourcecode.swift; path = GroupModel.swift; sourceTree = "<group>"; };
		C3E122B41FC392C8004FD87F /* LoginViewModel.swift */ = {isa = PBXFileReference; lastKnownFileType = sourcecode.swift; path = LoginViewModel.swift; sourceTree = "<group>"; };
/* End PBXFileReference section */

/* Begin PBXFrameworksBuildPhase section */
		C301FF161F66C7070045641A /* Frameworks */ = {
			isa = PBXFrameworksBuildPhase;
			buildActionMask = 2147483647;
			files = (
				0EB1182FBE45AFE0AB0DF531 /* Pods_OurTasks.framework in Frameworks */,
			);
			runOnlyForDeploymentPostprocessing = 0;
		};
/* End PBXFrameworksBuildPhase section */

/* Begin PBXGroup section */
		74B86952208764D500D6F99B /* Cells */ = {
			isa = PBXGroup;
			children = (
				C3415F5920697426007E7EED /* GroupCell.swift */,
				74B869532087655F00D6F99B /* GroupInviteCell.swift */,
			);
			path = Cells;
			sourceTree = "<group>";
		};
		AE03FAE935383AD154A450EB /* Pods */ = {
			isa = PBXGroup;
			children = (
				8FC2731CBC522993327801F6 /* Pods-OurTasks.debug.xcconfig */,
				A9779A76851841E46402BAF5 /* Pods-OurTasks.release.xcconfig */,
			);
			name = Pods;
			sourceTree = "<group>";
		};
		C301AE4E1FE8824600107DCD /* Encodable */ = {
			isa = PBXGroup;
			children = (
				C301AE4F1FE8826500107DCD /* Dictionary+Encodable.swift */,
			);
			path = Encodable;
			sourceTree = "<group>";
		};
		C301FF101F66C7070045641A = {
			isa = PBXGroup;
			children = (
				C301FF1B1F66C7070045641A /* OurTasks */,
				C301FF1A1F66C7070045641A /* Products */,
				AE03FAE935383AD154A450EB /* Pods */,
				F756AF95BFF9BF3CE8F112EA /* Frameworks */,
			);
			sourceTree = "<group>";
		};
		C301FF1A1F66C7070045641A /* Products */ = {
			isa = PBXGroup;
			children = (
				C301FF191F66C7070045641A /* OurTasks.app */,
			);
			name = Products;
			sourceTree = "<group>";
		};
		C301FF1B1F66C7070045641A /* OurTasks */ = {
			isa = PBXGroup;
			children = (
				C3D5519C1FA61A9800D7F081 /* AppSettings */,
				C3AC494F1F66D419001E2586 /* Extensions */,
				C3D5519D1FA61A9F00D7F081 /* Models */,
				C3D5519B1FA61A8700D7F081 /* Modules */,
				C3D5519E1FA61AB700D7F081 /* Reusable */,
				C3D5519F1FA61ABE00D7F081 /* SupportingFiles */,
				C3AC494E1F66D419001E2586 /* Utilities */,
			);
			path = OurTasks;
			sourceTree = "<group>";
		};
		C30826931FBA36A400876B56 /* Logic */ = {
			isa = PBXGroup;
			children = (
				C30826941FBA36BB00876B56 /* AddGroupViewModel.swift */,
			);
			path = Logic;
			sourceTree = "<group>";
		};
		C36BDFBB1F69349E005D7650 /* User */ = {
			isa = PBXGroup;
			children = (
				C36BDFBC1F6934A8005D7650 /* UserModel.swift */,
			);
			path = User;
			sourceTree = "<group>";
		};
		C39AB1C42078207A00A3B178 /* QRCode */ = {
			isa = PBXGroup;
			children = (
				C39AB1C8207820CD00A3B178 /* QRCode.swift */,
				C39AB1CA207820D600A3B178 /* QRNode.swift */,
			);
			path = QRCode;
			sourceTree = "<group>";
		};
		C39AB1C52078208800A3B178 /* UIView */ = {
			isa = PBXGroup;
			children = (
				C39AB1C6207820B000A3B178 /* ConvertFromCamera + UIView.swift */,
			);
			path = UIView;
			sourceTree = "<group>";
		};
		C39AB1D0207822FF00A3B178 /* Logic */ = {
			isa = PBXGroup;
			children = (
				C39AB1D22078235C00A3B178 /* ARKitViewModel.swift */,
			);
			path = Logic;
			sourceTree = "<group>";
		};
		C39AB1D12078230F00A3B178 /* View */ = {
			isa = PBXGroup;
			children = (
				C39AB1D6207823CA00A3B178 /* ARKitViewController.swift */,
				C39AB1CE207822E800A3B178 /* ARKit.storyboard */,
			);
			path = View;
			sourceTree = "<group>";
		};
		C3A5F6271F66EA20002A9B30 /* Register */ = {
			isa = PBXGroup;
			children = (
				C3A5F6291F66EA20002A9B30 /* View */,
				C3A5F62A1F66EA20002A9B30 /* Logic */,
			);
			path = Register;
			sourceTree = "<group>";
		};
		C3A5F6291F66EA20002A9B30 /* View */ = {
			isa = PBXGroup;
			children = (
				C32FE6351F68192800692B3D /* Register.storyboard */,
				C32FE6371F6819A600692B3D /* RegisterViewController.swift */,
			);
			path = View;
			sourceTree = "<group>";
		};
		C3A5F62A1F66EA20002A9B30 /* Logic */ = {
			isa = PBXGroup;
			children = (
				C36BDFBE1F6936B7005D7650 /* RegisterViewModel.swift */,
			);
			path = Logic;
			sourceTree = "<group>";
		};
		C3A5F62B1F66EA20002A9B30 /* Login */ = {
			isa = PBXGroup;
			children = (
				C3E122B31FC392B0004FD87F /* Logic */,
				C3A5F62D1F66EA20002A9B30 /* View */,
			);
			path = Login;
			sourceTree = "<group>";
		};
		C3A5F62D1F66EA20002A9B30 /* View */ = {
			isa = PBXGroup;
			children = (
				C3A5F62F1F66EA9C002A9B30 /* Login.storyboard */,
				C3A5F6311F66EAAF002A9B30 /* LoginViewController.swift */,
			);
			path = View;
			sourceTree = "<group>";
		};
		C3AC494A1F66D0C4001E2586 /* Main */ = {
			isa = PBXGroup;
			children = (
				C3AC494B1F66D0C4001E2586 /* View */,
			);
			path = Main;
			sourceTree = "<group>";
		};
		C3AC494B1F66D0C4001E2586 /* View */ = {
			isa = PBXGroup;
			children = (
				C3A5F6211F66E0BC002A9B30 /* Main.storyboard */,
				C3A5F6231F66E36B002A9B30 /* MainViewController.swift */,
			);
			path = View;
			sourceTree = "<group>";
		};
		C3AC494E1F66D419001E2586 /* Utilities */ = {
			isa = PBXGroup;
			children = (
				C3A5F6251F66E76D002A9B30 /* StoryboardManager.swift */,
				C32F96011F6A9A41003491E1 /* FirebaseManager.swift */,
				C39AB1CC2078227900A3B178 /* ARHandler.swift */,
				C39AB1D42078239A00A3B178 /* BarcodeHandler.swift */,
			);
			path = Utilities;
			sourceTree = "<group>";
		};
		C3AC494F1F66D419001E2586 /* Extensions */ = {
			isa = PBXGroup;
			children = (
				C3D5B1FE1FB4762B00550564 /* Foundation */,
				C3D551971FA6193C00D7F081 /* UIKit */,
			);
			path = Extensions;
			sourceTree = "<group>";
		};
		C3C11DB21F83B1460074D9AC /* GroupList */ = {
			isa = PBXGroup;
			children = (
				C3D3B1BE1FADD5FD00E04716 /* Logic */,
				C3C11DB51F83B1460074D9AC /* View */,
			);
			path = GroupList;
			sourceTree = "<group>";
		};
		C3C11DB51F83B1460074D9AC /* View */ = {
			isa = PBXGroup;
			children = (
				74B86952208764D500D6F99B /* Cells */,
				C3C11DB61F83B1590074D9AC /* GroupList.storyboard */,
				C3C11DBA1F83B1AB0074D9AC /* GroupListViewController.swift */,
			);
			path = View;
			sourceTree = "<group>";
		};
		C3D3B1BE1FADD5FD00E04716 /* Logic */ = {
			isa = PBXGroup;
			children = (
				C3A732CB1FE891820033DC8A /* GroupListViewModel.swift */,
				74B869502087627300D6F99B /* GroupSection.swift */,
			);
			path = Logic;
			sourceTree = "<group>";
		};
		C3D3B1BF1FADD70C00E04716 /* AddGroup */ = {
			isa = PBXGroup;
			children = (
				C30826931FBA36A400876B56 /* Logic */,
				C3D3B1C01FADD72800E04716 /* View */,
			);
			path = AddGroup;
			sourceTree = "<group>";
		};
		C3D3B1C01FADD72800E04716 /* View */ = {
			isa = PBXGroup;
			children = (
				C3D3B1C11FADD74400E04716 /* AddGroup.storyboard */,
				C3D3B1C31FADD75900E04716 /* AddGroupViewController.swift */,
			);
			path = View;
			sourceTree = "<group>";
		};
		C3D551971FA6193C00D7F081 /* UIKit */ = {
			isa = PBXGroup;
			children = (
				C39AB1C52078208800A3B178 /* UIView */,
				C3D5519A1FA6196500D7F081 /* UIViewController */,
				C3D551991FA6195800D7F081 /* UITextField */,
				C3D551981FA6194B00D7F081 /* UIButton */,
			);
			path = UIKit;
			sourceTree = "<group>";
		};
		C3D551981FA6194B00D7F081 /* UIButton */ = {
			isa = PBXGroup;
			children = (
				C3AC49501F66D629001E2586 /* ButtonBorder.swift */,
			);
			path = UIButton;
			sourceTree = "<group>";
		};
		C3D551991FA6195800D7F081 /* UITextField */ = {
			isa = PBXGroup;
			children = (
				C3A5F6331F675052002A9B30 /* TextFieldBottomBorder.swift */,
			);
			path = UITextField;
			sourceTree = "<group>";
		};
		C3D5519A1FA6196500D7F081 /* UIViewController */ = {
			isa = PBXGroup;
			children = (
				C3A5F6351F67563F002A9B30 /* HideKeyboard.swift */,
				C32FE63B1F68386400692B3D /* KeyboardObservers.swift */,
			);
			path = UIViewController;
			sourceTree = "<group>";
		};
		C3D5519B1FA61A8700D7F081 /* Modules */ = {
			isa = PBXGroup;
			children = (
				C3E669BB2076DFFE00980EE4 /* ARKit */,
				C3D3B1BF1FADD70C00E04716 /* AddGroup */,
				C3C11DB21F83B1460074D9AC /* GroupList */,
				C3A5F62B1F66EA20002A9B30 /* Login */,
				C3A5F6271F66EA20002A9B30 /* Register */,
				C3AC494A1F66D0C4001E2586 /* Main */,
			);
			path = Modules;
			sourceTree = "<group>";
		};
		C3D5519C1FA61A9800D7F081 /* AppSettings */ = {
			isa = PBXGroup;
			children = (
				C301FF1C1F66C7070045641A /* AppDelegate.swift */,
				C301FF251F66C7070045641A /* LaunchScreen.storyboard */,
			);
			path = AppSettings;
			sourceTree = "<group>";
		};
		C3D5519D1FA61A9F00D7F081 /* Models */ = {
			isa = PBXGroup;
			children = (
				C39AB1C42078207A00A3B178 /* QRCode */,
				C3E122B01FC36EE9004FD87F /* Group */,
				C36BDFBB1F69349E005D7650 /* User */,
			);
			path = Models;
			sourceTree = "<group>";
		};
		C3D5519E1FA61AB700D7F081 /* Reusable */ = {
			isa = PBXGroup;
			children = (
			);
			path = Reusable;
			sourceTree = "<group>";
		};
		C3D5519F1FA61ABE00D7F081 /* SupportingFiles */ = {
			isa = PBXGroup;
			children = (
				C36BDFBA1F6924EA005D7650 /* GoogleService-Info.plist */,
				C301FF231F66C7070045641A /* Assets.xcassets */,
				C301FF281F66C7070045641A /* Info.plist */,
				C3D5B1FC1FB4758F00550564 /* Localizable.strings */,
			);
			path = SupportingFiles;
			sourceTree = "<group>";
		};
		C3D5B1FE1FB4762B00550564 /* Foundation */ = {
			isa = PBXGroup;
			children = (
				C301AE4E1FE8824600107DCD /* Encodable */,
				C3D5B1FF1FB4763C00550564 /* String */,
			);
			path = Foundation;
			sourceTree = "<group>";
		};
		C3D5B1FF1FB4763C00550564 /* String */ = {
			isa = PBXGroup;
			children = (
				C3D5B2001FB4767200550564 /* Localize+String.swift */,
			);
			path = String;
			sourceTree = "<group>";
		};
		C3E122B01FC36EE9004FD87F /* Group */ = {
			isa = PBXGroup;
			children = (
				C3E122B11FC36F2D004FD87F /* GroupModel.swift */,
			);
			path = Group;
			sourceTree = "<group>";
		};
		C3E122B31FC392B0004FD87F /* Logic */ = {
			isa = PBXGroup;
			children = (
				C3E122B41FC392C8004FD87F /* LoginViewModel.swift */,
			);
			path = Logic;
			sourceTree = "<group>";
		};
		C3E669BB2076DFFE00980EE4 /* ARKit */ = {
			isa = PBXGroup;
			children = (
				C39AB1D12078230F00A3B178 /* View */,
				C39AB1D0207822FF00A3B178 /* Logic */,
			);
			path = ARKit;
			sourceTree = "<group>";
		};
		F756AF95BFF9BF3CE8F112EA /* Frameworks */ = {
			isa = PBXGroup;
			children = (
				7C3D99AE7B6AF67E4F99BB93 /* Pods_OurTasks.framework */,
			);
			name = Frameworks;
			sourceTree = "<group>";
		};
/* End PBXGroup section */

/* Begin PBXNativeTarget section */
		C301FF181F66C7070045641A /* OurTasks */ = {
			isa = PBXNativeTarget;
			buildConfigurationList = C301FF2B1F66C7070045641A /* Build configuration list for PBXNativeTarget "OurTasks" */;
			buildPhases = (
				09AA0D4B543FE70B9EA9D56E /* [CP] Check Pods Manifest.lock */,
				C301FF151F66C7070045641A /* Sources */,
				C301FF161F66C7070045641A /* Frameworks */,
				C301FF171F66C7070045641A /* Resources */,
				1CFB7FD26B1046B41DB05F70 /* [CP] Embed Pods Frameworks */,
			);
			buildRules = (
			);
			dependencies = (
			);
			name = OurTasks;
			productName = OurTasks;
			productReference = C301FF191F66C7070045641A /* OurTasks.app */;
			productType = "com.apple.product-type.application";
		};
/* End PBXNativeTarget section */

/* Begin PBXProject section */
		C301FF111F66C7070045641A /* Project object */ = {
			isa = PBXProject;
			attributes = {
				LastSwiftUpdateCheck = 0900;
				LastUpgradeCheck = 0930;
				ORGANIZATIONNAME = "Jakub Nykiel";
				TargetAttributes = {
					C301FF181F66C7070045641A = {
						CreatedOnToolsVersion = 9.0;
						ProvisioningStyle = Automatic;
					};
				};
			};
			buildConfigurationList = C301FF141F66C7070045641A /* Build configuration list for PBXProject "OurTasks" */;
			compatibilityVersion = "Xcode 8.0";
			developmentRegion = en;
			hasScannedForEncodings = 0;
			knownRegions = (
				en,
				Base,
			);
			mainGroup = C301FF101F66C7070045641A;
			productRefGroup = C301FF1A1F66C7070045641A /* Products */;
			projectDirPath = "";
			projectRoot = "";
			targets = (
				C301FF181F66C7070045641A /* OurTasks */,
			);
		};
/* End PBXProject section */

/* Begin PBXResourcesBuildPhase section */
		C301FF171F66C7070045641A /* Resources */ = {
			isa = PBXResourcesBuildPhase;
			buildActionMask = 2147483647;
			files = (
				C3D3B1C21FADD74400E04716 /* AddGroup.storyboard in Resources */,
				C3A5F6301F66EA9C002A9B30 /* Login.storyboard in Resources */,
				C3A5F6221F66E0BC002A9B30 /* Main.storyboard in Resources */,
				C301FF271F66C7070045641A /* LaunchScreen.storyboard in Resources */,
				C3D5B1FD1FB4758F00550564 /* Localizable.strings in Resources */,
				C3C11DB71F83B1590074D9AC /* GroupList.storyboard in Resources */,
				C39AB1CF207822E800A3B178 /* ARKit.storyboard in Resources */,
				C301FF241F66C7070045641A /* Assets.xcassets in Resources */,
				C32FE6361F68192800692B3D /* Register.storyboard in Resources */,
				C3D251531F694B6C00A3E03E /* GoogleService-Info.plist in Resources */,
			);
			runOnlyForDeploymentPostprocessing = 0;
		};
/* End PBXResourcesBuildPhase section */

/* Begin PBXShellScriptBuildPhase section */
		09AA0D4B543FE70B9EA9D56E /* [CP] Check Pods Manifest.lock */ = {
			isa = PBXShellScriptBuildPhase;
			buildActionMask = 2147483647;
			files = (
			);
			inputPaths = (
				"${PODS_PODFILE_DIR_PATH}/Podfile.lock",
				"${PODS_ROOT}/Manifest.lock",
			);
			name = "[CP] Check Pods Manifest.lock";
			outputPaths = (
				"$(DERIVED_FILE_DIR)/Pods-OurTasks-checkManifestLockResult.txt",
			);
			runOnlyForDeploymentPostprocessing = 0;
			shellPath = /bin/sh;
			shellScript = "diff \"${PODS_PODFILE_DIR_PATH}/Podfile.lock\" \"${PODS_ROOT}/Manifest.lock\" > /dev/null\nif [ $? != 0 ] ; then\n    # print error to STDERR\n    echo \"error: The sandbox is not in sync with the Podfile.lock. Run 'pod install' or update your CocoaPods installation.\" >&2\n    exit 1\nfi\n# This output is used by Xcode 'outputs' to avoid re-running this script phase.\necho \"SUCCESS\" > \"${SCRIPT_OUTPUT_FILE_0}\"\n";
			showEnvVarsInLog = 0;
		};
		1CFB7FD26B1046B41DB05F70 /* [CP] Embed Pods Frameworks */ = {
			isa = PBXShellScriptBuildPhase;
			buildActionMask = 2147483647;
			files = (
			);
			inputPaths = (
				"${SRCROOT}/Pods/Target Support Files/Pods-OurTasks/Pods-OurTasks-frameworks.sh",
				"${BUILT_PRODUCTS_DIR}/BoringSSL/openssl.framework",
				"${BUILT_PRODUCTS_DIR}/CodableFirebase/CodableFirebase.framework",
				"${BUILT_PRODUCTS_DIR}/Differentiator/Differentiator.framework",
				"${BUILT_PRODUCTS_DIR}/GTMSessionFetcher/GTMSessionFetcher.framework",
				"${BUILT_PRODUCTS_DIR}/GoogleToolboxForMac/GoogleToolboxForMac.framework",
				"${BUILT_PRODUCTS_DIR}/Protobuf/Protobuf.framework",
				"${BUILT_PRODUCTS_DIR}/RxCocoa/RxCocoa.framework",
				"${BUILT_PRODUCTS_DIR}/RxDataSources/RxDataSources.framework",
				"${BUILT_PRODUCTS_DIR}/RxSwift/RxSwift.framework",
				"${BUILT_PRODUCTS_DIR}/gRPC/GRPCClient.framework",
				"${BUILT_PRODUCTS_DIR}/gRPC-Core/grpc.framework",
				"${BUILT_PRODUCTS_DIR}/gRPC-ProtoRPC/ProtoRPC.framework",
				"${BUILT_PRODUCTS_DIR}/gRPC-RxLibrary/RxLibrary.framework",
				"${BUILT_PRODUCTS_DIR}/leveldb-library/leveldb.framework",
				"${BUILT_PRODUCTS_DIR}/nanopb/nanopb.framework",
			);
			name = "[CP] Embed Pods Frameworks";
			outputPaths = (
				"${TARGET_BUILD_DIR}/${FRAMEWORKS_FOLDER_PATH}/openssl.framework",
				"${TARGET_BUILD_DIR}/${FRAMEWORKS_FOLDER_PATH}/CodableFirebase.framework",
				"${TARGET_BUILD_DIR}/${FRAMEWORKS_FOLDER_PATH}/Differentiator.framework",
				"${TARGET_BUILD_DIR}/${FRAMEWORKS_FOLDER_PATH}/GTMSessionFetcher.framework",
				"${TARGET_BUILD_DIR}/${FRAMEWORKS_FOLDER_PATH}/GoogleToolboxForMac.framework",
				"${TARGET_BUILD_DIR}/${FRAMEWORKS_FOLDER_PATH}/Protobuf.framework",
				"${TARGET_BUILD_DIR}/${FRAMEWORKS_FOLDER_PATH}/RxCocoa.framework",
				"${TARGET_BUILD_DIR}/${FRAMEWORKS_FOLDER_PATH}/RxDataSources.framework",
				"${TARGET_BUILD_DIR}/${FRAMEWORKS_FOLDER_PATH}/RxSwift.framework",
				"${TARGET_BUILD_DIR}/${FRAMEWORKS_FOLDER_PATH}/GRPCClient.framework",
				"${TARGET_BUILD_DIR}/${FRAMEWORKS_FOLDER_PATH}/grpc.framework",
				"${TARGET_BUILD_DIR}/${FRAMEWORKS_FOLDER_PATH}/ProtoRPC.framework",
				"${TARGET_BUILD_DIR}/${FRAMEWORKS_FOLDER_PATH}/RxLibrary.framework",
				"${TARGET_BUILD_DIR}/${FRAMEWORKS_FOLDER_PATH}/leveldb.framework",
				"${TARGET_BUILD_DIR}/${FRAMEWORKS_FOLDER_PATH}/nanopb.framework",
			);
			runOnlyForDeploymentPostprocessing = 0;
			shellPath = /bin/sh;
			shellScript = "\"${SRCROOT}/Pods/Target Support Files/Pods-OurTasks/Pods-OurTasks-frameworks.sh\"\n";
			showEnvVarsInLog = 0;
		};
/* End PBXShellScriptBuildPhase section */

/* Begin PBXSourcesBuildPhase section */
		C301FF151F66C7070045641A /* Sources */ = {
			isa = PBXSourcesBuildPhase;
			buildActionMask = 2147483647;
			files = (
				C39AB1CB207820D600A3B178 /* QRNode.swift in Sources */,
				C3415F5A20697426007E7EED /* GroupCell.swift in Sources */,
				C3C11DBB1F83B1AB0074D9AC /* GroupListViewController.swift in Sources */,
				C32F96021F6A9A41003491E1 /* FirebaseManager.swift in Sources */,
				C3A5F6241F66E36B002A9B30 /* MainViewController.swift in Sources */,
				C301FF1D1F66C7070045641A /* AppDelegate.swift in Sources */,
				C30826951FBA36BB00876B56 /* AddGroupViewModel.swift in Sources */,
				C3A5F6261F66E76D002A9B30 /* StoryboardManager.swift in Sources */,
				C32FE6381F6819A600692B3D /* RegisterViewController.swift in Sources */,
				C39AB1C9207820CD00A3B178 /* QRCode.swift in Sources */,
				C3D5B2011FB4767200550564 /* Localize+String.swift in Sources */,
				C39AB1D52078239A00A3B178 /* BarcodeHandler.swift in Sources */,
				C3A732CC1FE891820033DC8A /* GroupListViewModel.swift in Sources */,
				C3E122B51FC392C8004FD87F /* LoginViewModel.swift in Sources */,
				C36BDFBF1F6936B7005D7650 /* RegisterViewModel.swift in Sources */,
				74B869512087627300D6F99B /* GroupSection.swift in Sources */,
				C3A5F6361F67563F002A9B30 /* HideKeyboard.swift in Sources */,
				C3D3B1C41FADD75900E04716 /* AddGroupViewController.swift in Sources */,
				74B869542087655F00D6F99B /* GroupInviteCell.swift in Sources */,
				C3A5F6321F66EAAF002A9B30 /* LoginViewController.swift in Sources */,
				C39AB1D7207823CA00A3B178 /* ARKitViewController.swift in Sources */,
				C301AE501FE8826500107DCD /* Dictionary+Encodable.swift in Sources */,
				C3E122B21FC36F2D004FD87F /* GroupModel.swift in Sources */,
				C32FE63C1F68386400692B3D /* KeyboardObservers.swift in Sources */,
				C39AB1D32078235C00A3B178 /* ARKitViewModel.swift in Sources */,
				C3A5F6341F675052002A9B30 /* TextFieldBottomBorder.swift in Sources */,
				C39AB1CD2078227900A3B178 /* ARHandler.swift in Sources */,
				C36BDFBD1F6934A8005D7650 /* UserModel.swift in Sources */,
				C39AB1C7207820B000A3B178 /* ConvertFromCamera + UIView.swift in Sources */,
				C3AC49511F66D629001E2586 /* ButtonBorder.swift in Sources */,
			);
			runOnlyForDeploymentPostprocessing = 0;
		};
/* End PBXSourcesBuildPhase section */

/* Begin PBXVariantGroup section */
		C301FF251F66C7070045641A /* LaunchScreen.storyboard */ = {
			isa = PBXVariantGroup;
			children = (
				C301FF261F66C7070045641A /* Base */,
			);
			name = LaunchScreen.storyboard;
			sourceTree = "<group>";
		};
/* End PBXVariantGroup section */

/* Begin XCBuildConfiguration section */
		C301FF291F66C7070045641A /* Debug */ = {
			isa = XCBuildConfiguration;
			buildSettings = {
				ALWAYS_SEARCH_USER_PATHS = NO;
				CLANG_ANALYZER_NONNULL = YES;
				CLANG_ANALYZER_NUMBER_OBJECT_CONVERSION = YES_AGGRESSIVE;
				CLANG_CXX_LANGUAGE_STANDARD = "gnu++14";
				CLANG_CXX_LIBRARY = "libc++";
				CLANG_ENABLE_MODULES = YES;
				CLANG_ENABLE_OBJC_ARC = YES;
				CLANG_WARN_BLOCK_CAPTURE_AUTORELEASING = YES;
				CLANG_WARN_BOOL_CONVERSION = YES;
				CLANG_WARN_COMMA = YES;
				CLANG_WARN_CONSTANT_CONVERSION = YES;
				CLANG_WARN_DEPRECATED_OBJC_IMPLEMENTATIONS = YES;
				CLANG_WARN_DIRECT_OBJC_ISA_USAGE = YES_ERROR;
				CLANG_WARN_DOCUMENTATION_COMMENTS = YES;
				CLANG_WARN_EMPTY_BODY = YES;
				CLANG_WARN_ENUM_CONVERSION = YES;
				CLANG_WARN_INFINITE_RECURSION = YES;
				CLANG_WARN_INT_CONVERSION = YES;
				CLANG_WARN_NON_LITERAL_NULL_CONVERSION = YES;
				CLANG_WARN_OBJC_IMPLICIT_RETAIN_SELF = YES;
				CLANG_WARN_OBJC_LITERAL_CONVERSION = YES;
				CLANG_WARN_OBJC_ROOT_CLASS = YES_ERROR;
				CLANG_WARN_RANGE_LOOP_ANALYSIS = YES;
				CLANG_WARN_STRICT_PROTOTYPES = YES;
				CLANG_WARN_SUSPICIOUS_MOVE = YES;
				CLANG_WARN_UNGUARDED_AVAILABILITY = YES_AGGRESSIVE;
				CLANG_WARN_UNREACHABLE_CODE = YES;
				CLANG_WARN__DUPLICATE_METHOD_MATCH = YES;
				CODE_SIGN_IDENTITY = "iPhone Developer";
				COPY_PHASE_STRIP = NO;
				DEBUG_INFORMATION_FORMAT = dwarf;
				ENABLE_STRICT_OBJC_MSGSEND = YES;
				ENABLE_TESTABILITY = YES;
				GCC_C_LANGUAGE_STANDARD = gnu11;
				GCC_DYNAMIC_NO_PIC = NO;
				GCC_NO_COMMON_BLOCKS = YES;
				GCC_OPTIMIZATION_LEVEL = 0;
				GCC_PREPROCESSOR_DEFINITIONS = (
					"DEBUG=1",
					"$(inherited)",
				);
				GCC_WARN_64_TO_32_BIT_CONVERSION = YES;
				GCC_WARN_ABOUT_RETURN_TYPE = YES_ERROR;
				GCC_WARN_UNDECLARED_SELECTOR = YES;
				GCC_WARN_UNINITIALIZED_AUTOS = YES_AGGRESSIVE;
				GCC_WARN_UNUSED_FUNCTION = YES;
				GCC_WARN_UNUSED_VARIABLE = YES;
				IPHONEOS_DEPLOYMENT_TARGET = 11.0;
				MTL_ENABLE_DEBUG_INFO = YES;
				ONLY_ACTIVE_ARCH = YES;
				SDKROOT = iphoneos;
				SWIFT_ACTIVE_COMPILATION_CONDITIONS = DEBUG;
				SWIFT_OPTIMIZATION_LEVEL = "-Onone";
			};
			name = Debug;
		};
		C301FF2A1F66C7070045641A /* Release */ = {
			isa = XCBuildConfiguration;
			buildSettings = {
				ALWAYS_SEARCH_USER_PATHS = NO;
				CLANG_ANALYZER_NONNULL = YES;
				CLANG_ANALYZER_NUMBER_OBJECT_CONVERSION = YES_AGGRESSIVE;
				CLANG_CXX_LANGUAGE_STANDARD = "gnu++14";
				CLANG_CXX_LIBRARY = "libc++";
				CLANG_ENABLE_MODULES = YES;
				CLANG_ENABLE_OBJC_ARC = YES;
				CLANG_WARN_BLOCK_CAPTURE_AUTORELEASING = YES;
				CLANG_WARN_BOOL_CONVERSION = YES;
				CLANG_WARN_COMMA = YES;
				CLANG_WARN_CONSTANT_CONVERSION = YES;
				CLANG_WARN_DEPRECATED_OBJC_IMPLEMENTATIONS = YES;
				CLANG_WARN_DIRECT_OBJC_ISA_USAGE = YES_ERROR;
				CLANG_WARN_DOCUMENTATION_COMMENTS = YES;
				CLANG_WARN_EMPTY_BODY = YES;
				CLANG_WARN_ENUM_CONVERSION = YES;
				CLANG_WARN_INFINITE_RECURSION = YES;
				CLANG_WARN_INT_CONVERSION = YES;
				CLANG_WARN_NON_LITERAL_NULL_CONVERSION = YES;
				CLANG_WARN_OBJC_IMPLICIT_RETAIN_SELF = YES;
				CLANG_WARN_OBJC_LITERAL_CONVERSION = YES;
				CLANG_WARN_OBJC_ROOT_CLASS = YES_ERROR;
				CLANG_WARN_RANGE_LOOP_ANALYSIS = YES;
				CLANG_WARN_STRICT_PROTOTYPES = YES;
				CLANG_WARN_SUSPICIOUS_MOVE = YES;
				CLANG_WARN_UNGUARDED_AVAILABILITY = YES_AGGRESSIVE;
				CLANG_WARN_UNREACHABLE_CODE = YES;
				CLANG_WARN__DUPLICATE_METHOD_MATCH = YES;
				CODE_SIGN_IDENTITY = "iPhone Developer";
				COPY_PHASE_STRIP = NO;
				DEBUG_INFORMATION_FORMAT = "dwarf-with-dsym";
				ENABLE_NS_ASSERTIONS = NO;
				ENABLE_STRICT_OBJC_MSGSEND = YES;
				GCC_C_LANGUAGE_STANDARD = gnu11;
				GCC_NO_COMMON_BLOCKS = YES;
				GCC_WARN_64_TO_32_BIT_CONVERSION = YES;
				GCC_WARN_ABOUT_RETURN_TYPE = YES_ERROR;
				GCC_WARN_UNDECLARED_SELECTOR = YES;
				GCC_WARN_UNINITIALIZED_AUTOS = YES_AGGRESSIVE;
				GCC_WARN_UNUSED_FUNCTION = YES;
				GCC_WARN_UNUSED_VARIABLE = YES;
				IPHONEOS_DEPLOYMENT_TARGET = 11.0;
				MTL_ENABLE_DEBUG_INFO = NO;
				SDKROOT = iphoneos;
				SWIFT_OPTIMIZATION_LEVEL = "-Owholemodule";
				VALIDATE_PRODUCT = YES;
			};
			name = Release;
		};
		C301FF2C1F66C7070045641A /* Debug */ = {
			isa = XCBuildConfiguration;
			baseConfigurationReference = 8FC2731CBC522993327801F6 /* Pods-OurTasks.debug.xcconfig */;
			buildSettings = {
				ASSETCATALOG_COMPILER_APPICON_NAME = AppIcon;
				CODE_SIGN_STYLE = Automatic;
				DEVELOPMENT_TEAM = 6454359TU3;
				INFOPLIST_FILE = "$(SRCROOT)/OurTasks/SupportingFiles/Info.plist";
				IPHONEOS_DEPLOYMENT_TARGET = 10.0;
				LD_RUNPATH_SEARCH_PATHS = "$(inherited) @executable_path/Frameworks";
				PRODUCT_BUNDLE_IDENTIFIER = nykiel.OurTasks;
				PRODUCT_NAME = "$(TARGET_NAME)";
				SWIFT_VERSION = 4.0;
				TARGETED_DEVICE_FAMILY = "1,2";
			};
			name = Debug;
		};
		C301FF2D1F66C7070045641A /* Release */ = {
			isa = XCBuildConfiguration;
			baseConfigurationReference = A9779A76851841E46402BAF5 /* Pods-OurTasks.release.xcconfig */;
			buildSettings = {
				ASSETCATALOG_COMPILER_APPICON_NAME = AppIcon;
				CODE_SIGN_STYLE = Automatic;
				DEVELOPMENT_TEAM = 6454359TU3;
				INFOPLIST_FILE = "$(SRCROOT)/OurTasks/SupportingFiles/Info.plist";
				IPHONEOS_DEPLOYMENT_TARGET = 10.0;
				LD_RUNPATH_SEARCH_PATHS = "$(inherited) @executable_path/Frameworks";
				PRODUCT_BUNDLE_IDENTIFIER = nykiel.OurTasks;
				PRODUCT_NAME = "$(TARGET_NAME)";
				SWIFT_VERSION = 4.0;
				TARGETED_DEVICE_FAMILY = "1,2";
			};
			name = Release;
		};
/* End XCBuildConfiguration section */

/* Begin XCConfigurationList section */
		C301FF141F66C7070045641A /* Build configuration list for PBXProject "OurTasks" */ = {
			isa = XCConfigurationList;
			buildConfigurations = (
				C301FF291F66C7070045641A /* Debug */,
				C301FF2A1F66C7070045641A /* Release */,
			);
			defaultConfigurationIsVisible = 0;
			defaultConfigurationName = Release;
		};
		C301FF2B1F66C7070045641A /* Build configuration list for PBXNativeTarget "OurTasks" */ = {
			isa = XCConfigurationList;
			buildConfigurations = (
				C301FF2C1F66C7070045641A /* Debug */,
				C301FF2D1F66C7070045641A /* Release */,
			);
			defaultConfigurationIsVisible = 0;
			defaultConfigurationName = Release;
		};
/* End XCConfigurationList section */
	};
	rootObject = C301FF111F66C7070045641A /* Project object */;
}
